// !$*UTF8*$!
{
	archiveVersion = 1;
	classes = {
	};
	objectVersion = 50;
	objects = {

/* Begin PBXBuildFile section */
		FADB88DC26B929C8008EB5D7 /* AppDelegate.swift in Sources */ = {isa = PBXBuildFile; fileRef = FADB88DB26B929C8008EB5D7 /* AppDelegate.swift */; };
		FADB88DE26B929C8008EB5D7 /* SceneDelegate.swift in Sources */ = {isa = PBXBuildFile; fileRef = FADB88DD26B929C8008EB5D7 /* SceneDelegate.swift */; };
		FADB88E326B929C8008EB5D7 /* Main.storyboard in Resources */ = {isa = PBXBuildFile; fileRef = FADB88E126B929C8008EB5D7 /* Main.storyboard */; };
		FADB88E626B929C8008EB5D7 /* ToDoCoreData.xcdatamodeld in Sources */ = {isa = PBXBuildFile; fileRef = FADB88E426B929C8008EB5D7 /* ToDoCoreData.xcdatamodeld */; };
		FADB88E826B929CE008EB5D7 /* Assets.xcassets in Resources */ = {isa = PBXBuildFile; fileRef = FADB88E726B929CE008EB5D7 /* Assets.xcassets */; };
		FADB88EB26B929CE008EB5D7 /* LaunchScreen.storyboard in Resources */ = {isa = PBXBuildFile; fileRef = FADB88E926B929CE008EB5D7 /* LaunchScreen.storyboard */; };
		FADB88F826B92A32008EB5D7 /* CategoriesTVC.swift in Sources */ = {isa = PBXBuildFile; fileRef = FADB88F726B92A32008EB5D7 /* CategoriesTVC.swift */; };
		FADB88FA26B92A3E008EB5D7 /* ItemsTVC.swift in Sources */ = {isa = PBXBuildFile; fileRef = FADB88F926B92A3E008EB5D7 /* ItemsTVC.swift */; };
/* End PBXBuildFile section */

/* Begin PBXFileReference section */
		FADB88D826B929C8008EB5D7 /* ToDoCoreData.app */ = {isa = PBXFileReference; explicitFileType = wrapper.application; includeInIndex = 0; path = ToDoCoreData.app; sourceTree = BUILT_PRODUCTS_DIR; };
		FADB88DB26B929C8008EB5D7 /* AppDelegate.swift */ = {isa = PBXFileReference; lastKnownFileType = sourcecode.swift; path = AppDelegate.swift; sourceTree = "<group>"; };
		FADB88DD26B929C8008EB5D7 /* SceneDelegate.swift */ = {isa = PBXFileReference; lastKnownFileType = sourcecode.swift; path = SceneDelegate.swift; sourceTree = "<group>"; };
		FADB88E226B929C8008EB5D7 /* Base */ = {isa = PBXFileReference; lastKnownFileType = file.storyboard; name = Base; path = Base.lproj/Main.storyboard; sourceTree = "<group>"; };
		FADB88E526B929C8008EB5D7 /* ToDoCoreData.xcdatamodel */ = {isa = PBXFileReference; lastKnownFileType = wrapper.xcdatamodel; path = ToDoCoreData.xcdatamodel; sourceTree = "<group>"; };
		FADB88E726B929CE008EB5D7 /* Assets.xcassets */ = {isa = PBXFileReference; lastKnownFileType = folder.assetcatalog; path = Assets.xcassets; sourceTree = "<group>"; };
		FADB88EA26B929CE008EB5D7 /* Base */ = {isa = PBXFileReference; lastKnownFileType = file.storyboard; name = Base; path = Base.lproj/LaunchScreen.storyboard; sourceTree = "<group>"; };
		FADB88EC26B929CE008EB5D7 /* Info.plist */ = {isa = PBXFileReference; lastKnownFileType = text.plist.xml; path = Info.plist; sourceTree = "<group>"; };
		FADB88F726B92A32008EB5D7 /* CategoriesTVC.swift */ = {isa = PBXFileReference; lastKnownFileType = sourcecode.swift; path = CategoriesTVC.swift; sourceTree = "<group>"; };
		FADB88F926B92A3E008EB5D7 /* ItemsTVC.swift */ = {isa = PBXFileReference; lastKnownFileType = sourcecode.swift; path = ItemsTVC.swift; sourceTree = "<group>"; };
/* End PBXFileReference section */

/* Begin PBXFrameworksBuildPhase section */
		FADB88D526B929C8008EB5D7 /* Frameworks */ = {
			isa = PBXFrameworksBuildPhase;
			buildActionMask = 2147483647;
			files = (
			);
			runOnlyForDeploymentPostprocessing = 0;
		};
/* End PBXFrameworksBuildPhase section */

/* Begin PBXGroup section */
		FADB88CF26B929C8008EB5D7 = {
			isa = PBXGroup;
			children = (
				FADB88DA26B929C8008EB5D7 /* ToDoCoreData */,
				FADB88D926B929C8008EB5D7 /* Products */,
			);
			sourceTree = "<group>";
		};
		FADB88D926B929C8008EB5D7 /* Products */ = {
			isa = PBXGroup;
			children = (
				FADB88D826B929C8008EB5D7 /* ToDoCoreData.app */,
			);
			name = Products;
			sourceTree = "<group>";
		};
		FADB88DA26B929C8008EB5D7 /* ToDoCoreData */ = {
			isa = PBXGroup;
			children = (
				FADB88F626B92A14008EB5D7 /* DataModels */,
				FADB88F526B92A0D008EB5D7 /* Controllers */,
				FADB88F426B929FC008EB5D7 /* Views */,
				FADB88F326B929EE008EB5D7 /* Apps */,
				FADB88F226B929E3008EB5D7 /* Resources */,
				FADB88EC26B929CE008EB5D7 /* Info.plist */,
			);
			path = ToDoCoreData;
			sourceTree = "<group>";
		};
		FADB88F226B929E3008EB5D7 /* Resources */ = {
			isa = PBXGroup;
			children = (
				FADB88E726B929CE008EB5D7 /* Assets.xcassets */,
			);
			path = Resources;
			sourceTree = "<group>";
		};
		FADB88F326B929EE008EB5D7 /* Apps */ = {
			isa = PBXGroup;
			children = (
				FADB88DB26B929C8008EB5D7 /* AppDelegate.swift */,
				FADB88DD26B929C8008EB5D7 /* SceneDelegate.swift */,
			);
			path = Apps;
			sourceTree = "<group>";
		};
		FADB88F426B929FC008EB5D7 /* Views */ = {
			isa = PBXGroup;
			children = (
				FADB88E126B929C8008EB5D7 /* Main.storyboard */,
				FADB88E926B929CE008EB5D7 /* LaunchScreen.storyboard */,
			);
			path = Views;
			sourceTree = "<group>";
		};
		FADB88F526B92A0D008EB5D7 /* Controllers */ = {
			isa = PBXGroup;
			children = (
				FADB88F726B92A32008EB5D7 /* CategoriesTVC.swift */,
				FADB88F926B92A3E008EB5D7 /* ItemsTVC.swift */,
			);
			path = Controllers;
			sourceTree = "<group>";
		};
		FADB88F626B92A14008EB5D7 /* DataModels */ = {
			isa = PBXGroup;
			children = (
				FADB88E426B929C8008EB5D7 /* ToDoCoreData.xcdatamodeld */,
			);
			path = DataModels;
			sourceTree = "<group>";
		};
/* End PBXGroup section */

/* Begin PBXNativeTarget section */
		FADB88D726B929C8008EB5D7 /* ToDoCoreData */ = {
			isa = PBXNativeTarget;
			buildConfigurationList = FADB88EF26B929CE008EB5D7 /* Build configuration list for PBXNativeTarget "ToDoCoreData" */;
			buildPhases = (
				FADB88D426B929C8008EB5D7 /* Sources */,
				FADB88D526B929C8008EB5D7 /* Frameworks */,
				FADB88D626B929C8008EB5D7 /* Resources */,
			);
			buildRules = (
			);
			dependencies = (
			);
			name = ToDoCoreData;
			productName = ToDoCoreData;
			productReference = FADB88D826B929C8008EB5D7 /* ToDoCoreData.app */;
			productType = "com.apple.product-type.application";
		};
/* End PBXNativeTarget section */

/* Begin PBXProject section */
		FADB88D026B929C8008EB5D7 /* Project object */ = {
			isa = PBXProject;
			attributes = {
				LastSwiftUpdateCheck = 1250;
				LastUpgradeCheck = 1250;
				TargetAttributes = {
					FADB88D726B929C8008EB5D7 = {
						CreatedOnToolsVersion = 12.5.1;
					};
				};
			};
			buildConfigurationList = FADB88D326B929C8008EB5D7 /* Build configuration list for PBXProject "ToDoCoreData" */;
			compatibilityVersion = "Xcode 9.3";
			developmentRegion = en;
			hasScannedForEncodings = 0;
			knownRegions = (
				en,
				Base,
			);
			mainGroup = FADB88CF26B929C8008EB5D7;
			productRefGroup = FADB88D926B929C8008EB5D7 /* Products */;
			projectDirPath = "";
			projectRoot = "";
			targets = (
				FADB88D726B929C8008EB5D7 /* ToDoCoreData */,
			);
		};
/* End PBXProject section */

/* Begin PBXResourcesBuildPhase section */
		FADB88D626B929C8008EB5D7 /* Resources */ = {
			isa = PBXResourcesBuildPhase;
			buildActionMask = 2147483647;
			files = (
				FADB88EB26B929CE008EB5D7 /* LaunchScreen.storyboard in Resources */,
				FADB88E826B929CE008EB5D7 /* Assets.xcassets in Resources */,
				FADB88E326B929C8008EB5D7 /* Main.storyboard in Resources */,
			);
			runOnlyForDeploymentPostprocessing = 0;
		};
/* End PBXResourcesBuildPhase section */

/* Begin PBXSourcesBuildPhase section */
		FADB88D426B929C8008EB5D7 /* Sources */ = {
			isa = PBXSourcesBuildPhase;
			buildActionMask = 2147483647;
			files = (
				FADB88DC26B929C8008EB5D7 /* AppDelegate.swift in Sources */,
				FADB88F826B92A32008EB5D7 /* CategoriesTVC.swift in Sources */,
				FADB88FA26B92A3E008EB5D7 /* ItemsTVC.swift in Sources */,
				FADB88E626B929C8008EB5D7 /* ToDoCoreData.xcdatamodeld in Sources */,
				FADB88DE26B929C8008EB5D7 /* SceneDelegate.swift in Sources */,
			);
			runOnlyForDeploymentPostprocessing = 0;
		};
/* End PBXSourcesBuildPhase section */

/* Begin PBXVariantGroup section */
		FADB88E126B929C8008EB5D7 /* Main.storyboard */ = {
			isa = PBXVariantGroup;
			children = (
				FADB88E226B929C8008EB5D7 /* Base */,
			);
			name = Main.storyboard;
			sourceTree = "<group>";
		};
		FADB88E926B929CE008EB5D7 /* LaunchScreen.storyboard */ = {
			isa = PBXVariantGroup;
			children = (
				FADB88EA26B929CE008EB5D7 /* Base */,
			);
			name = LaunchScreen.storyboard;
			sourceTree = "<group>";
		};
/* End PBXVariantGroup section */

/* Begin XCBuildConfiguration section */
		FADB88ED26B929CE008EB5D7 /* Debug */ = {
			isa = XCBuildConfiguration;
			buildSettings = {
				ALWAYS_SEARCH_USER_PATHS = NO;
				CLANG_ANALYZER_NONNULL = YES;
				CLANG_ANALYZER_NUMBER_OBJECT_CONVERSION = YES_AGGRESSIVE;
				CLANG_CXX_LANGUAGE_STANDARD = "gnu++14";
				CLANG_CXX_LIBRARY = "libc++";
				CLANG_ENABLE_MODULES = YES;
				CLANG_ENABLE_OBJC_ARC = YES;
				CLANG_ENABLE_OBJC_WEAK = YES;
				CLANG_WARN_BLOCK_CAPTURE_AUTORELEASING = YES;
				CLANG_WARN_BOOL_CONVERSION = YES;
				CLANG_WARN_COMMA = YES;
				CLANG_WARN_CONSTANT_CONVERSION = YES;
				CLANG_WARN_DEPRECATED_OBJC_IMPLEMENTATIONS = YES;
				CLANG_WARN_DIRECT_OBJC_ISA_USAGE = YES_ERROR;
				CLANG_WARN_DOCUMENTATION_COMMENTS = YES;
				CLANG_WARN_EMPTY_BODY = YES;
				CLANG_WARN_ENUM_CONVERSION = YES;
				CLANG_WARN_INFINITE_RECURSION = YES;
				CLANG_WARN_INT_CONVERSION = YES;
				CLANG_WARN_NON_LITERAL_NULL_CONVERSION = YES;
				CLANG_WARN_OBJC_IMPLICIT_RETAIN_SELF = YES;
				CLANG_WARN_OBJC_LITERAL_CONVERSION = YES;
				CLANG_WARN_OBJC_ROOT_CLASS = YES_ERROR;
				CLANG_WARN_QUOTED_INCLUDE_IN_FRAMEWORK_HEADER = YES;
				CLANG_WARN_RANGE_LOOP_ANALYSIS = YES;
				CLANG_WARN_STRICT_PROTOTYPES = YES;
				CLANG_WARN_SUSPICIOUS_MOVE = YES;
				CLANG_WARN_UNGUARDED_AVAILABILITY = YES_AGGRESSIVE;
				CLANG_WARN_UNREACHABLE_CODE = YES;
				CLANG_WARN__DUPLICATE_METHOD_MATCH = YES;
				COPY_PHASE_STRIP = NO;
				DEBUG_INFORMATION_FORMAT = dwarf;
				ENABLE_STRICT_OBJC_MSGSEND = YES;
				ENABLE_TESTABILITY = YES;
				GCC_C_LANGUAGE_STANDARD = gnu11;
				GCC_DYNAMIC_NO_PIC = NO;
				GCC_NO_COMMON_BLOCKS = YES;
				GCC_OPTIMIZATION_LEVEL = 0;
				GCC_PREPROCESSOR_DEFINITIONS = (
					"DEBUG=1",
					"$(inherited)",
				);
				GCC_WARN_64_TO_32_BIT_CONVERSION = YES;
				GCC_WARN_ABOUT_RETURN_TYPE = YES_ERROR;
				GCC_WARN_UNDECLARED_SELECTOR = YES;
				GCC_WARN_UNINITIALIZED_AUTOS = YES_AGGRESSIVE;
				GCC_WARN_UNUSED_FUNCTION = YES;
				GCC_WARN_UNUSED_VARIABLE = YES;
				IPHONEOS_DEPLOYMENT_TARGET = 14.5;
				MTL_ENABLE_DEBUG_INFO = INCLUDE_SOURCE;
				MTL_FAST_MATH = YES;
				ONLY_ACTIVE_ARCH = YES;
				SDKROOT = iphoneos;
				SWIFT_ACTIVE_COMPILATION_CONDITIONS = DEBUG;
				SWIFT_OPTIMIZATION_LEVEL = "-Onone";
			};
			name = Debug;
		};
		FADB88EE26B929CE008EB5D7 /* Release */ = {
			isa = XCBuildConfiguration;
			buildSettings = {
				ALWAYS_SEARCH_USER_PATHS = NO;
				CLANG_ANALYZER_NONNULL = YES;
				CLANG_ANALYZER_NUMBER_OBJECT_CONVERSION = YES_AGGRESSIVE;
				CLANG_CXX_LANGUAGE_STANDARD = "gnu++14";
				CLANG_CXX_LIBRARY = "libc++";
				CLANG_ENABLE_MODULES = YES;
				CLANG_ENABLE_OBJC_ARC = YES;
				CLANG_ENABLE_OBJC_WEAK = YES;
				CLANG_WARN_BLOCK_CAPTURE_AUTORELEASING = YES;
				CLANG_WARN_BOOL_CONVERSION = YES;
				CLANG_WARN_COMMA = YES;
				CLANG_WARN_CONSTANT_CONVERSION = YES;
				CLANG_WARN_DEPRECATED_OBJC_IMPLEMENTATIONS = YES;
				CLANG_WARN_DIRECT_OBJC_ISA_USAGE = YES_ERROR;
				CLANG_WARN_DOCUMENTATION_COMMENTS = YES;
				CLANG_WARN_EMPTY_BODY = YES;
				CLANG_WARN_ENUM_CONVERSION = YES;
				CLANG_WARN_INFINITE_RECURSION = YES;
				CLANG_WARN_INT_CONVERSION = YES;
				CLANG_WARN_NON_LITERAL_NULL_CONVERSION = YES;
				CLANG_WARN_OBJC_IMPLICIT_RETAIN_SELF = YES;
				CLANG_WARN_OBJC_LITERAL_CONVERSION = YES;
				CLANG_WARN_OBJC_ROOT_CLASS = YES_ERROR;
				CLANG_WARN_QUOTED_INCLUDE_IN_FRAMEWORK_HEADER = YES;
				CLANG_WARN_RANGE_LOOP_ANALYSIS = YES;
				CLANG_WARN_STRICT_PROTOTYPES = YES;
				CLANG_WARN_SUSPICIOUS_MOVE = YES;
				CLANG_WARN_UNGUARDED_AVAILABILITY = YES_AGGRESSIVE;
				CLANG_WARN_UNREACHABLE_CODE = YES;
				CLANG_WARN__DUPLICATE_METHOD_MATCH = YES;
				COPY_PHASE_STRIP = NO;
				DEBUG_INFORMATION_FORMAT = "dwarf-with-dsym";
				ENABLE_NS_ASSERTIONS = NO;
				ENABLE_STRICT_OBJC_MSGSEND = YES;
				GCC_C_LANGUAGE_STANDARD = gnu11;
				GCC_NO_COMMON_BLOCKS = YES;
				GCC_WARN_64_TO_32_BIT_CONVERSION = YES;
				GCC_WARN_ABOUT_RETURN_TYPE = YES_ERROR;
				GCC_WARN_UNDECLARED_SELECTOR = YES;
				GCC_WARN_UNINITIALIZED_AUTOS = YES_AGGRESSIVE;
				GCC_WARN_UNUSED_FUNCTION = YES;
				GCC_WARN_UNUSED_VARIABLE = YES;
				IPHONEOS_DEPLOYMENT_TARGET = 14.5;
				MTL_ENABLE_DEBUG_INFO = NO;
				MTL_FAST_MATH = YES;
				SDKROOT = iphoneos;
				SWIFT_COMPILATION_MODE = wholemodule;
				SWIFT_OPTIMIZATION_LEVEL = "-O";
				VALIDATE_PRODUCT = YES;
			};
			name = Release;
		};
		FADB88F026B929CE008EB5D7 /* Debug */ = {
			isa = XCBuildConfiguration;
			buildSettings = {
				ASSETCATALOG_COMPILER_APPICON_NAME = AppIcon;
				ASSETCATALOG_COMPILER_GLOBAL_ACCENT_COLOR_NAME = AccentColor;
				CODE_SIGN_STYLE = Automatic;
				DEVELOPMENT_TEAM = 3FQ9QFHKC6;
				INFOPLIST_FILE = ToDoCoreData/Info.plist;
				LD_RUNPATH_SEARCH_PATHS = (
					"$(inherited)",
					"@executable_path/Frameworks",
				);
				PRODUCT_BUNDLE_IDENTIFIER = by.HW.ToDoCoreData;
				PRODUCT_NAME = "$(TARGET_NAME)";
				SWIFT_VERSION = 5.0;
				TARGETED_DEVICE_FAMILY = "1,2";
			};
			name = Debug;
		};
		FADB88F126B929CE008EB5D7 /* Release */ = {
			isa = XCBuildConfiguration;
			buildSettings = {
				ASSETCATALOG_COMPILER_APPICON_NAME = AppIcon;
				ASSETCATALOG_COMPILER_GLOBAL_ACCENT_COLOR_NAME = AccentColor;
				CODE_SIGN_STYLE = Automatic;
				DEVELOPMENT_TEAM = 3FQ9QFHKC6;
				INFOPLIST_FILE = ToDoCoreData/Info.plist;
				LD_RUNPATH_SEARCH_PATHS = (
					"$(inherited)",
					"@executable_path/Frameworks",
				);
				PRODUCT_BUNDLE_IDENTIFIER = by.HW.ToDoCoreData;
				PRODUCT_NAME = "$(TARGET_NAME)";
				SWIFT_VERSION = 5.0;
				TARGETED_DEVICE_FAMILY = "1,2";
			};
			name = Release;
		};
/* End XCBuildConfiguration section */

/* Begin XCConfigurationList section */
		FADB88D326B929C8008EB5D7 /* Build configuration list for PBXProject "ToDoCoreData" */ = {
			isa = XCConfigurationList;
			buildConfigurations = (
				FADB88ED26B929CE008EB5D7 /* Debug */,
				FADB88EE26B929CE008EB5D7 /* Release */,
			);
			defaultConfigurationIsVisible = 0;
			defaultConfigurationName = Release;
		};
		FADB88EF26B929CE008EB5D7 /* Build configuration list for PBXNativeTarget "ToDoCoreData" */ = {
			isa = XCConfigurationList;
			buildConfigurations = (
				FADB88F026B929CE008EB5D7 /* Debug */,
				FADB88F126B929CE008EB5D7 /* Release */,
			);
			defaultConfigurationIsVisible = 0;
			defaultConfigurationName = Release;
		};
/* End XCConfigurationList section */

/* Begin XCVersionGroup section */
		FADB88E426B929C8008EB5D7 /* ToDoCoreData.xcdatamodeld */ = {
			isa = XCVersionGroup;
			children = (
				FADB88E526B929C8008EB5D7 /* ToDoCoreData.xcdatamodel */,
			);
			currentVersion = FADB88E526B929C8008EB5D7 /* ToDoCoreData.xcdatamodel */;
			path = ToDoCoreData.xcdatamodeld;
			sourceTree = "<group>";
			versionGroupType = wrapper.xcdatamodel;
		};
/* End XCVersionGroup section */
	};
	rootObject = FADB88D026B929C8008EB5D7 /* Project object */;
}
